{
  "version": 4,
  "terraform_version": "1.2.8",
  "serial": 106,
  "lineage": "ff97f3f3-b0e9-33b5-3f0e-9e35648679be",
  "outputs": {
    "ssh_command": {
      "value": "ssh -i 'keydangnv01.pem' ec2-user@ec2-54-169-172-47.ap-southeast-1.compute.amazonaws.com",
      "type": "string"
    },
    "web_site": {
      "value": "http://54.169.172.47",
      "type": "string"
    }
  },
  "resources": [
    {
      "mode": "managed",
      "type": "aws_instance",
      "name": "web",
      "provider": "provider[\"registry.terraform.io/hashicorp/aws\"]",
      "instances": [
        {
          "schema_version": 1,
          "attributes": {
            "ami": "ami-0f62d9254ca98e1aa",
            "arn": "arn:aws:ec2:ap-southeast-1:269088674837:instance/i-01f14d4e776c65495",
            "associate_public_ip_address": true,
            "availability_zone": "ap-southeast-1a",
            "capacity_reservation_specification": [
              {
                "capacity_reservation_preference": "open",
                "capacity_reservation_target": []
              }
            ],
            "cpu_core_count": 1,
            "cpu_threads_per_core": 1,
            "credit_specification": [
              {
                "cpu_credits": "standard"
              }
            ],
            "disable_api_stop": false,
            "disable_api_termination": false,
            "ebs_block_device": [],
            "ebs_optimized": false,
            "enclave_options": [
              {
                "enabled": false
              }
            ],
            "ephemeral_block_device": [],
            "get_password_data": false,
            "hibernation": false,
            "host_id": null,
            "host_resource_group_arn": null,
            "iam_instance_profile": "",
            "id": "i-01f14d4e776c65495",
            "instance_initiated_shutdown_behavior": "stop",
            "instance_state": "running",
            "instance_type": "t2.micro",
            "ipv6_address_count": 0,
            "ipv6_addresses": [],
            "key_name": "keydangnv01",
            "launch_template": [],
            "maintenance_options": [
              {
                "auto_recovery": "default"
              }
            ],
            "metadata_options": [
              {
                "http_endpoint": "enabled",
                "http_put_response_hop_limit": 1,
                "http_tokens": "optional",
                "instance_metadata_tags": "disabled"
              }
            ],
            "monitoring": false,
            "network_interface": [],
            "outpost_arn": "",
            "password_data": "",
            "placement_group": "",
            "placement_partition_number": null,
            "primary_network_interface_id": "eni-0890eef90c0abc8cb",
            "private_dns": "ip-172-31-26-204.ap-southeast-1.compute.internal",
            "private_dns_name_options": [
              {
                "enable_resource_name_dns_a_record": false,
                "enable_resource_name_dns_aaaa_record": false,
                "hostname_type": "ip-name"
              }
            ],
            "private_ip": "172.31.26.204",
            "public_dns": "ec2-54-169-172-47.ap-southeast-1.compute.amazonaws.com",
            "public_ip": "54.169.172.47",
            "root_block_device": [
              {
                "delete_on_termination": true,
                "device_name": "/dev/xvda",
                "encrypted": false,
                "iops": 100,
                "kms_key_id": "",
                "tags": {},
                "throughput": 0,
                "volume_id": "vol-066116373582d6d7c",
                "volume_size": 8,
                "volume_type": "gp2"
              }
            ],
            "secondary_private_ips": [],
            "security_groups": [
              "web_ssh_dangnv"
            ],
            "source_dest_check": true,
            "subnet_id": "subnet-0d73ef1626ef682e8",
            "tags": {
              "Name": "nginxphp"
            },
            "tags_all": {
              "Name": "nginxphp"
            },
            "tenancy": "default",
            "timeouts": null,
            "user_data": "6e0b6d16f1616eea5fd06489ad7d7a7e045a7503",
            "user_data_base64": null,
            "user_data_replace_on_change": false,
            "volume_tags": null,
            "vpc_security_group_ids": [
              "sg-07d799067c41fc2a3"
            ]
          },
          "sensitive_attributes": [],
          "private": "eyJlMmJmYjczMC1lY2FhLTExZTYtOGY4OC0zNDM2M2JjN2M0YzAiOnsiY3JlYXRlIjo2MDAwMDAwMDAwMDAsImRlbGV0ZSI6MTIwMDAwMDAwMDAwMCwidXBkYXRlIjo2MDAwMDAwMDAwMDB9LCJzY2hlbWFfdmVyc2lvbiI6IjEifQ=="
        }
      ]
    },
    {
      "mode": "managed",
      "type": "aws_security_group",
      "name": "web_ssh_dangnv",
      "provider": "provider[\"registry.terraform.io/hashicorp/aws\"]",
      "instances": [
        {
          "schema_version": 1,
          "attributes": {
            "arn": "arn:aws:ec2:ap-southeast-1:269088674837:security-group/sg-07d799067c41fc2a3",
            "description": "Managed by Terraform",
            "egress": [
              {
                "cidr_blocks": [
                  "0.0.0.0/0"
                ],
                "description": "",
                "from_port": 0,
                "ipv6_cidr_blocks": [],
                "prefix_list_ids": [],
                "protocol": "-1",
                "security_groups": [],
                "self": false,
                "to_port": 0
              }
            ],
            "id": "sg-07d799067c41fc2a3",
            "ingress": [
              {
                "cidr_blocks": [
                  "0.0.0.0/0"
                ],
                "description": "",
                "from_port": -1,
                "ipv6_cidr_blocks": [],
                "prefix_list_ids": [],
                "protocol": "icmp",
                "security_groups": [],
                "self": false,
                "to_port": -1
              },
              {
                "cidr_blocks": [
                  "0.0.0.0/0"
                ],
                "description": "",
                "from_port": 22,
                "ipv6_cidr_blocks": [],
                "prefix_list_ids": [],
                "protocol": "tcp",
                "security_groups": [],
                "self": false,
                "to_port": 22
              },
              {
                "cidr_blocks": [
                  "0.0.0.0/0"
                ],
                "description": "",
                "from_port": 80,
                "ipv6_cidr_blocks": [],
                "prefix_list_ids": [],
                "protocol": "tcp",
                "security_groups": [],
                "self": false,
                "to_port": 80
              }
            ],
            "name": "web_ssh_dangnv",
            "name_prefix": "",
            "owner_id": "269088674837",
            "revoke_rules_on_delete": false,
            "tags": {},
            "tags_all": {},
            "timeouts": null,
            "vpc_id": "vpc-008e1ecf05f247aaa"
          },
          "sensitive_attributes": [],
          "private": "eyJlMmJmYjczMC1lY2FhLTExZTYtOGY4OC0zNDM2M2JjN2M0YzAiOnsiY3JlYXRlIjo2MDAwMDAwMDAwMDAsImRlbGV0ZSI6OTAwMDAwMDAwMDAwfSwic2NoZW1hX3ZlcnNpb24iOiIxIn0="
        }
      ]
    },
    {
      "module": "module.ssh_key_pair",
      "mode": "managed",
      "type": "aws_key_pair",
      "name": "generated",
      "provider": "provider[\"registry.terraform.io/hashicorp/aws\"]",
      "instances": [
        {
          "index_key": 0,
          "schema_version": 1,
          "attributes": {
            "arn": "arn:aws:ec2:ap-southeast-1:269088674837:key-pair/keydangnv01",
            "fingerprint": "ce:2a:4f:66:5a:fd:5e:02:e3:21:c0:d4:5e:62:ce:e1",
            "id": "keydangnv01",
            "key_name": "keydangnv01",
            "key_name_prefix": "",
            "key_pair_id": "key-03fb535d4a2d1879e",
            "key_type": "rsa",
            "public_key": "ssh-rsa AAAAB3NzaC1yc2EAAAADAQABAAABAQC6HVHv5BGUIm/PHiAx1EOonbfrM5b5ZGG9MY6OpZe2ESZyUGWoCelhZ31SyQHTs5C6HjarQF+3qHGKXyGJJSnyPUe+IO0WCrhk/p/7tbwXkGR9f52QcgS9EByjaIimtgaWemEPOijbl7TZDqQXhhBLY05211bnN/wxHmIN8pIEx7U0t+DXm2oy9Qk+Q8xkJF+A3ZMaOyIOoXdxFJS8A2eyXJuNNxEKgzpOkte7WJxRG+KmCEORIfoIBZLSNctOqIebtGPhtCcuc3pgSpUycl5wDazER/zFeiC1kBEByTiIMF+LAHWXZ+BZuTvWiQOK6ZBajAbKLb2SSOb8KitBmO9T",
            "tags": {
              "Name": "keydangnv01"
            },
            "tags_all": {
              "Name": "keydangnv01"
            }
          },
          "sensitive_attributes": [],
          "private": "eyJzY2hlbWFfdmVyc2lvbiI6IjEifQ==",
          "dependencies": [
            "module.ssh_key_pair.tls_private_key.default"
          ]
        }
      ]
    },
    {
      "module": "module.ssh_key_pair",
      "mode": "managed",
      "type": "local_file",
      "name": "public_key_openssh",
      "provider": "provider[\"registry.terraform.io/hashicorp/local\"]",
      "instances": [
        {
          "index_key": 0,
          "schema_version": 0,
          "attributes": {
            "content": "ssh-rsa AAAAB3NzaC1yc2EAAAADAQABAAABAQC6HVHv5BGUIm/PHiAx1EOonbfrM5b5ZGG9MY6OpZe2ESZyUGWoCelhZ31SyQHTs5C6HjarQF+3qHGKXyGJJSnyPUe+IO0WCrhk/p/7tbwXkGR9f52QcgS9EByjaIimtgaWemEPOijbl7TZDqQXhhBLY05211bnN/wxHmIN8pIEx7U0t+DXm2oy9Qk+Q8xkJF+A3ZMaOyIOoXdxFJS8A2eyXJuNNxEKgzpOkte7WJxRG+KmCEORIfoIBZLSNctOqIebtGPhtCcuc3pgSpUycl5wDazER/zFeiC1kBEByTiIMF+LAHWXZ+BZuTvWiQOK6ZBajAbKLb2SSOb8KitBmO9T\n",
            "content_base64": null,
            "directory_permission": "0777",
            "file_permission": "0777",
            "filename": "./keydangnv01.pub",
            "id": "f170a93a209faef1fb50a7e75b694ca0c5714605",
            "sensitive_content": null,
            "source": null
          },
          "sensitive_attributes": [],
          "private": "bnVsbA==",
          "dependencies": [
            "module.ssh_key_pair.tls_private_key.default"
          ]
        }
      ]
    },
    {
      "module": "module.ssh_key_pair",
      "mode": "managed",
      "type": "local_sensitive_file",
      "name": "private_key_pem",
      "provider": "provider[\"registry.terraform.io/hashicorp/local\"]",
      "instances": [
        {
          "index_key": 0,
          "schema_version": 0,
          "attributes": {
            "content": "-----BEGIN RSA PRIVATE KEY-----\nMIIEpQIBAAKCAQEAuh1R7+QRlCJvzx4gMdRDqJ236zOW+WRhvTGOjqWXthEmclBl\nqAnpYWd9UskB07OQuh42q0Bft6hxil8hiSUp8j1HviDtFgq4ZP6f+7W8F5BkfX+d\nkHIEvRAco2iIprYGlnphDzoo25e02Q6kF4YQS2NOdtdW5zf8MR5iDfKSBMe1NLfg\n15tqMvUJPkPMZCRfgN2TGjsiDqF3cRSUvANnslybjTcRCoM6TpLXu1icURvipghD\nkSH6CAWS0jXLTqiHm7Rj4bQnLnN6YEqVMnJecA2sxEf8xXogtZARAck4iDBfiwB1\nl2fgWbk71okDiumQWowGyi29kkjm/CorQZjvUwIDAQABAoIBAQCoLZh+EvSDjL7G\nRS3IeUwOUT8CDaNOhxP/F4n/gsld34+DWv0RZKt8tjy8EyFQgQG1/VlfVJNp7Y9z\n/1TZjjiiShfLSguTkGph8Oj2Vpm6HWOBOFFUVoPLqISIcQySwQeg8MNGNEL5c9Qb\nFCzZiO6ugPVFVH+V/rQoWpE2k0y5fYVUAPqJBGezXrSjuY/Gpa23y7pCDbkV8+8G\nmMmeomgtuKgp2SXQ/BAVShfRBGrosrKlgCfG5m+iBUlLoHzrtBSYhH3jIBubrIws\njuB5zFX0B4Ew1ywZHtrfZ9jG3BmpfXMin7byIYQyN1PFbT5UFPsmtRqrrtY27yC8\ncZVE4U7pAoGBAO48gRlzC3ZM3Wq3DEG0qhOXhamgogfeCFKzwbvAo5gzjq6rcQZn\n+Kh4vCfc9UB5FMa5eSF2DOiZ7W5e8CIV5Nfcs2tm6E+g3XVmQ2RGiDTEFK72c0MJ\nL12hU3Yqkxvyl7OVR0ijEbF3M08GCVBBfzhKUiR+0/4pgWQ6INU0TMhPAoGBAMf9\n5+CBAaxxrGWOZ6b5EAg4B3x7KJ5M0CAMCcLflB8WBC5g8KuHVHB7w4yuQvAqveNe\nPaA0p66PwHzfk4VQ2L7wKYVepozpkewOKdaPL/SPdR+tCWUJrcjDLDL2AM4Y40AI\nTIzQIIBWBp5xfPcO3tnRT6SsgwJZRIb9597OReO9AoGBALa4byfuxdbJI3WKyXrH\nrz5xk5HDYyL3l5ieyDNRj+fXe1LaqUiJi/zjBSTp4qy9cULt1ErmuQXZsXJanID4\nG9m4K2BvwDP6pIA7m+qX8jXOQjLjUQoUTGDasCHMi6H+0X1qPA8pCxP64b51WcVV\nRtcMoa3eHIgum1AdCTuc7lsfAoGAQby+CVeeWzaKOl+Sxpm7oVf5bft1oIMTLlWG\np92h7I3qFeybb2ZuZQLphkaJjjQecqw5iX2FWKW72dALx5iJhkme/E3eZRcpdfQ5\n4GL0mmjFUQIpwmJqE0HEN4QRQ61+lT+lGewXotekGVSohPUIX4SjrzddYNpC4jR3\nkQ8wfekCgYEAufChYoQi9kgYythDrLYMtS14I7OPYk+MrCj7fupygN2jXQJkqFyN\nexVSst0LTgaa1Wd3vjVLkfPKcQFBac4HcJbUuUtm1sY0V3ci3CNmkHYqslxr2eDK\n/vCcESX2pya4mlAeqfnB0PgBY5GviuBgpznIE7VOZsidnbR7+HfISMw=\n-----END RSA PRIVATE KEY-----\n",
            "content_base64": null,
            "directory_permission": "0700",
            "file_permission": "0600",
            "filename": "./keydangnv01.pem",
            "id": "01b3502e88513f873fd9afcbc7b41628330786e1",
            "source": null
          },
          "sensitive_attributes": [
            [
              {
                "type": "get_attr",
                "value": "content"
              }
            ]
          ],
          "private": "bnVsbA==",
          "dependencies": [
            "module.ssh_key_pair.tls_private_key.default"
          ]
        }
      ]
    },
    {
      "module": "module.ssh_key_pair",
      "mode": "managed",
      "type": "tls_private_key",
      "name": "default",
      "provider": "provider[\"registry.terraform.io/hashicorp/tls\"]",
      "instances": [
        {
          "index_key": 0,
          "schema_version": 1,
          "attributes": {
            "algorithm": "RSA",
            "ecdsa_curve": "P224",
            "id": "12870435b46a39bb283c06818bf67428096b85ff",
            "private_key_openssh": "-----BEGIN OPENSSH PRIVATE KEY-----\nb3BlbnNzaC1rZXktdjEAAAAABG5vbmUAAAAEbm9uZQAAAAAAAAABAAABFwAAAAdz\nc2gtcnNhAAAAAwEAAQAAAQEAuh1R7+QRlCJvzx4gMdRDqJ236zOW+WRhvTGOjqWX\nthEmclBlqAnpYWd9UskB07OQuh42q0Bft6hxil8hiSUp8j1HviDtFgq4ZP6f+7W8\nF5BkfX+dkHIEvRAco2iIprYGlnphDzoo25e02Q6kF4YQS2NOdtdW5zf8MR5iDfKS\nBMe1NLfg15tqMvUJPkPMZCRfgN2TGjsiDqF3cRSUvANnslybjTcRCoM6TpLXu1ic\nURvipghDkSH6CAWS0jXLTqiHm7Rj4bQnLnN6YEqVMnJecA2sxEf8xXogtZARAck4\niDBfiwB1l2fgWbk71okDiumQWowGyi29kkjm/CorQZjvUwAAA7ixWRmSsVkZkgAA\nAAdzc2gtcnNhAAABAQC6HVHv5BGUIm/PHiAx1EOonbfrM5b5ZGG9MY6OpZe2ESZy\nUGWoCelhZ31SyQHTs5C6HjarQF+3qHGKXyGJJSnyPUe+IO0WCrhk/p/7tbwXkGR9\nf52QcgS9EByjaIimtgaWemEPOijbl7TZDqQXhhBLY05211bnN/wxHmIN8pIEx7U0\nt+DXm2oy9Qk+Q8xkJF+A3ZMaOyIOoXdxFJS8A2eyXJuNNxEKgzpOkte7WJxRG+Km\nCEORIfoIBZLSNctOqIebtGPhtCcuc3pgSpUycl5wDazER/zFeiC1kBEByTiIMF+L\nAHWXZ+BZuTvWiQOK6ZBajAbKLb2SSOb8KitBmO9TAAAAAwEAAQAAAQEAqC2YfhL0\ng4y+xkUtyHlMDlE/Ag2jTocT/xeJ/4LJXd+Pg1r9EWSrfLY8vBMhUIEBtf1ZX1ST\nae2Pc/9U2Y44okoXy0oLk5BqYfDo9laZuh1jgThRVFaDy6iEiHEMksEHoPDDRjRC\n+XPUGxQs2YjuroD1RVR/lf60KFqRNpNMuX2FVAD6iQRns160o7mPxqWtt8u6Qg25\nFfPvBpjJnqJoLbioKdkl0PwQFUoX0QRq6LKypYAnxuZvogVJS6B867QUmIR94yAb\nm6yMLI7gecxV9AeBMNcsGR7a32fYxtwZqX1zIp+28iGEMjdTxW0+VBT7JrUaq67W\nNu8gvHGVROFO6QAAAIEAufChYoQi9kgYythDrLYMtS14I7OPYk+MrCj7fupygN2j\nXQJkqFyNexVSst0LTgaa1Wd3vjVLkfPKcQFBac4HcJbUuUtm1sY0V3ci3CNmkHYq\nslxr2eDK/vCcESX2pya4mlAeqfnB0PgBY5GviuBgpznIE7VOZsidnbR7+HfISMwA\nAACBAO48gRlzC3ZM3Wq3DEG0qhOXhamgogfeCFKzwbvAo5gzjq6rcQZn+Kh4vCfc\n9UB5FMa5eSF2DOiZ7W5e8CIV5Nfcs2tm6E+g3XVmQ2RGiDTEFK72c0MJL12hU3Yq\nkxvyl7OVR0ijEbF3M08GCVBBfzhKUiR+0/4pgWQ6INU0TMhPAAAAgQDH/efggQGs\ncaxljmem+RAIOAd8eyieTNAgDAnC35QfFgQuYPCrh1Rwe8OMrkLwKr3jXj2gNKeu\nj8B835OFUNi+8CmFXqaM6ZHsDinWjy/0j3UfrQllCa3Iwywy9gDOGONACEyM0CCA\nVgaecXz3Dt7Z0U+krIMCWUSG/efezkXjvQAAAAAB\n-----END OPENSSH PRIVATE KEY-----\n",
            "private_key_pem": "-----BEGIN RSA PRIVATE KEY-----\nMIIEpQIBAAKCAQEAuh1R7+QRlCJvzx4gMdRDqJ236zOW+WRhvTGOjqWXthEmclBl\nqAnpYWd9UskB07OQuh42q0Bft6hxil8hiSUp8j1HviDtFgq4ZP6f+7W8F5BkfX+d\nkHIEvRAco2iIprYGlnphDzoo25e02Q6kF4YQS2NOdtdW5zf8MR5iDfKSBMe1NLfg\n15tqMvUJPkPMZCRfgN2TGjsiDqF3cRSUvANnslybjTcRCoM6TpLXu1icURvipghD\nkSH6CAWS0jXLTqiHm7Rj4bQnLnN6YEqVMnJecA2sxEf8xXogtZARAck4iDBfiwB1\nl2fgWbk71okDiumQWowGyi29kkjm/CorQZjvUwIDAQABAoIBAQCoLZh+EvSDjL7G\nRS3IeUwOUT8CDaNOhxP/F4n/gsld34+DWv0RZKt8tjy8EyFQgQG1/VlfVJNp7Y9z\n/1TZjjiiShfLSguTkGph8Oj2Vpm6HWOBOFFUVoPLqISIcQySwQeg8MNGNEL5c9Qb\nFCzZiO6ugPVFVH+V/rQoWpE2k0y5fYVUAPqJBGezXrSjuY/Gpa23y7pCDbkV8+8G\nmMmeomgtuKgp2SXQ/BAVShfRBGrosrKlgCfG5m+iBUlLoHzrtBSYhH3jIBubrIws\njuB5zFX0B4Ew1ywZHtrfZ9jG3BmpfXMin7byIYQyN1PFbT5UFPsmtRqrrtY27yC8\ncZVE4U7pAoGBAO48gRlzC3ZM3Wq3DEG0qhOXhamgogfeCFKzwbvAo5gzjq6rcQZn\n+Kh4vCfc9UB5FMa5eSF2DOiZ7W5e8CIV5Nfcs2tm6E+g3XVmQ2RGiDTEFK72c0MJ\nL12hU3Yqkxvyl7OVR0ijEbF3M08GCVBBfzhKUiR+0/4pgWQ6INU0TMhPAoGBAMf9\n5+CBAaxxrGWOZ6b5EAg4B3x7KJ5M0CAMCcLflB8WBC5g8KuHVHB7w4yuQvAqveNe\nPaA0p66PwHzfk4VQ2L7wKYVepozpkewOKdaPL/SPdR+tCWUJrcjDLDL2AM4Y40AI\nTIzQIIBWBp5xfPcO3tnRT6SsgwJZRIb9597OReO9AoGBALa4byfuxdbJI3WKyXrH\nrz5xk5HDYyL3l5ieyDNRj+fXe1LaqUiJi/zjBSTp4qy9cULt1ErmuQXZsXJanID4\nG9m4K2BvwDP6pIA7m+qX8jXOQjLjUQoUTGDasCHMi6H+0X1qPA8pCxP64b51WcVV\nRtcMoa3eHIgum1AdCTuc7lsfAoGAQby+CVeeWzaKOl+Sxpm7oVf5bft1oIMTLlWG\np92h7I3qFeybb2ZuZQLphkaJjjQecqw5iX2FWKW72dALx5iJhkme/E3eZRcpdfQ5\n4GL0mmjFUQIpwmJqE0HEN4QRQ61+lT+lGewXotekGVSohPUIX4SjrzddYNpC4jR3\nkQ8wfekCgYEAufChYoQi9kgYythDrLYMtS14I7OPYk+MrCj7fupygN2jXQJkqFyN\nexVSst0LTgaa1Wd3vjVLkfPKcQFBac4HcJbUuUtm1sY0V3ci3CNmkHYqslxr2eDK\n/vCcESX2pya4mlAeqfnB0PgBY5GviuBgpznIE7VOZsidnbR7+HfISMw=\n-----END RSA PRIVATE KEY-----\n",
            "private_key_pem_pkcs8": "-----BEGIN PRIVATE KEY-----\nMIIEvwIBADANBgkqhkiG9w0BAQEFAASCBKkwggSlAgEAAoIBAQC6HVHv5BGUIm/P\nHiAx1EOonbfrM5b5ZGG9MY6OpZe2ESZyUGWoCelhZ31SyQHTs5C6HjarQF+3qHGK\nXyGJJSnyPUe+IO0WCrhk/p/7tbwXkGR9f52QcgS9EByjaIimtgaWemEPOijbl7TZ\nDqQXhhBLY05211bnN/wxHmIN8pIEx7U0t+DXm2oy9Qk+Q8xkJF+A3ZMaOyIOoXdx\nFJS8A2eyXJuNNxEKgzpOkte7WJxRG+KmCEORIfoIBZLSNctOqIebtGPhtCcuc3pg\nSpUycl5wDazER/zFeiC1kBEByTiIMF+LAHWXZ+BZuTvWiQOK6ZBajAbKLb2SSOb8\nKitBmO9TAgMBAAECggEBAKgtmH4S9IOMvsZFLch5TA5RPwINo06HE/8Xif+CyV3f\nj4Na/RFkq3y2PLwTIVCBAbX9WV9Uk2ntj3P/VNmOOKJKF8tKC5OQamHw6PZWmbod\nY4E4UVRWg8uohIhxDJLBB6Dww0Y0Qvlz1BsULNmI7q6A9UVUf5X+tChakTaTTLl9\nhVQA+okEZ7NetKO5j8alrbfLukINuRXz7waYyZ6iaC24qCnZJdD8EBVKF9EEauiy\nsqWAJ8bmb6IFSUugfOu0FJiEfeMgG5usjCyO4HnMVfQHgTDXLBke2t9n2MbcGal9\ncyKftvIhhDI3U8VtPlQU+ya1Gquu1jbvILxxlUThTukCgYEA7jyBGXMLdkzdarcM\nQbSqE5eFqaCiB94IUrPBu8CjmDOOrqtxBmf4qHi8J9z1QHkUxrl5IXYM6Jntbl7w\nIhXk19yza2boT6DddWZDZEaINMQUrvZzQwkvXaFTdiqTG/KXs5VHSKMRsXczTwYJ\nUEF/OEpSJH7T/imBZDog1TRMyE8CgYEAx/3n4IEBrHGsZY5npvkQCDgHfHsonkzQ\nIAwJwt+UHxYELmDwq4dUcHvDjK5C8Cq94149oDSnro/AfN+ThVDYvvAphV6mjOmR\n7A4p1o8v9I91H60JZQmtyMMsMvYAzhjjQAhMjNAggFYGnnF89w7e2dFPpKyDAllE\nhv3n3s5F470CgYEAtrhvJ+7F1skjdYrJesevPnGTkcNjIveXmJ7IM1GP59d7Utqp\nSImL/OMFJOnirL1xQu3USua5BdmxclqcgPgb2bgrYG/AM/qkgDub6pfyNc5CMuNR\nChRMYNqwIcyLof7RfWo8DykLE/rhvnVZxVVG1wyhrd4ciC6bUB0JO5zuWx8CgYBB\nvL4JV55bNoo6X5LGmbuhV/lt+3WggxMuVYan3aHsjeoV7JtvZm5lAumGRomONB5y\nrDmJfYVYpbvZ0AvHmImGSZ78Td5lFyl19DngYvSaaMVRAinCYmoTQcQ3hBFDrX6V\nP6UZ7Bei16QZVKiE9QhfhKOvN11g2kLiNHeRDzB96QKBgQC58KFihCL2SBjK2EOs\ntgy1LXgjs49iT4ysKPt+6nKA3aNdAmSoXI17FVKy3QtOBprVZ3e+NUuR88pxAUFp\nzgdwltS5S2bWxjRXdyLcI2aQdiqyXGvZ4Mr+8JwRJfanJriaUB6p+cHQ+AFjka+K\n4GCnOcgTtU5myJ2dtHv4d8hIzA==\n-----END PRIVATE KEY-----\n",
            "public_key_fingerprint_md5": "1c:78:01:9f:9c:bb:2f:cb:96:97:a4:68:8f:46:eb:73",
            "public_key_fingerprint_sha256": "SHA256:s75uQ3s8jgZzvkhtP2ScfXkPwGhr/7nk4T/RO9EAnYU",
            "public_key_openssh": "ssh-rsa AAAAB3NzaC1yc2EAAAADAQABAAABAQC6HVHv5BGUIm/PHiAx1EOonbfrM5b5ZGG9MY6OpZe2ESZyUGWoCelhZ31SyQHTs5C6HjarQF+3qHGKXyGJJSnyPUe+IO0WCrhk/p/7tbwXkGR9f52QcgS9EByjaIimtgaWemEPOijbl7TZDqQXhhBLY05211bnN/wxHmIN8pIEx7U0t+DXm2oy9Qk+Q8xkJF+A3ZMaOyIOoXdxFJS8A2eyXJuNNxEKgzpOkte7WJxRG+KmCEORIfoIBZLSNctOqIebtGPhtCcuc3pgSpUycl5wDazER/zFeiC1kBEByTiIMF+LAHWXZ+BZuTvWiQOK6ZBajAbKLb2SSOb8KitBmO9T\n",
            "public_key_pem": "-----BEGIN PUBLIC KEY-----\nMIIBIjANBgkqhkiG9w0BAQEFAAOCAQ8AMIIBCgKCAQEAuh1R7+QRlCJvzx4gMdRD\nqJ236zOW+WRhvTGOjqWXthEmclBlqAnpYWd9UskB07OQuh42q0Bft6hxil8hiSUp\n8j1HviDtFgq4ZP6f+7W8F5BkfX+dkHIEvRAco2iIprYGlnphDzoo25e02Q6kF4YQ\nS2NOdtdW5zf8MR5iDfKSBMe1NLfg15tqMvUJPkPMZCRfgN2TGjsiDqF3cRSUvANn\nslybjTcRCoM6TpLXu1icURvipghDkSH6CAWS0jXLTqiHm7Rj4bQnLnN6YEqVMnJe\ncA2sxEf8xXogtZARAck4iDBfiwB1l2fgWbk71okDiumQWowGyi29kkjm/CorQZjv\nUwIDAQAB\n-----END PUBLIC KEY-----\n",
            "rsa_bits": 2048
          },
          "sensitive_attributes": []
        }
      ]
    }
  ]
}
